
Microsoft Visual Studio Solution File, Format Version 12.00
# Visual Studio 15
VisualStudioVersion = 15.0.28307.168
MinimumVisualStudioVersion = 10.0.40219.1
Project("{FAE04EC0-301F-11D3-BF4B-00C04F79EFBC}") = "proxy", "proxy\proxy.csproj", "{1D668299-336B-4776-8909-3F3F3FAF3DCD}"
EndProject
Global
	GlobalSection(SolutionConfigurationPlatforms) = preSolution
		Debug|Any CPU = Debug|Any CPU
		Release|Any CPU = Release|Any CPU
	EndGlobalSection
	GlobalSection(ProjectConfigurationPlatforms) = postSolution
		{1D668299-336B-4776-8909-3F3F3FAF3DCD}.Debug|Any CPU.ActiveCfg = Debug|Any CPU
		{1D668299-336B-4776-8909-3F3F3FAF3DCD}.Debug|Any CPU.Build.0 = Debug|Any CPU
		{1D668299-336B-4776-8909-3F3F3FAF3DCD}.Release|Any CPU.ActiveCfg = Release|Any CPU
		{1D668299-336B-4776-8909-3F3F3FAF3DCD}.Release|Any CPU.Build.0 = Release|Any CPU
	EndGlobalSection
	GlobalSection(SolutionProperties) = preSolution
		HideSolutionNode = FALSE
	EndGlobalSection
	GlobalSection(ExtensibilityGlobals) = postSolution
		SolutionGuid = {D71A4B71-3056-4CAD-8E0B-9A77837B9D9F}
	EndGlobalSection
EndGlobal
